
Microsoft Visual Studio Solution File, Format Version 12.00
# Visual Studio Version 17
VisualStudioVersion = 17.2.32516.85
MinimumVisualStudioVersion = 10.0.40219.1
Project("{9A19103F-16F7-4668-BE54-9A1E7A4F7556}") = "Api", "Api\Api.csproj", "{6557DE90-2537-4A58-88D5-F7710410314A}"
EndProject
Project("{9A19103F-16F7-4668-BE54-9A1E7A4F7556}") = "IdentityServer", "IdentityServer\IdentityServer.csproj", "{8A7B0813-1501-48F3-8B07-F706EB8D363D}"
EndProject
Project("{9A19103F-16F7-4668-BE54-9A1E7A4F7556}") = "vDomain", "vDomain\vDomain.csproj", "{F4AC188E-048C-4187-8423-6EBB926D5CD1}"
EndProject
Project("{2150E333-8FDC-42A3-9474-1A3956D46DE8}") = "Solution Items", "Solution Items", "{BE85116D-B773-4E8E-834F-494CDF44C0F4}"
EndProject
Project("{9A19103F-16F7-4668-BE54-9A1E7A4F7556}") = "vApplication", "vApplication\vApplication.csproj", "{B9655B42-247B-4406-8B9B-436BD8767477}"
EndProject
Global
	GlobalSection(SolutionConfigurationPlatforms) = preSolution
		Debug|Any CPU = Debug|Any CPU
		Release|Any CPU = Release|Any CPU
	EndGlobalSection
	GlobalSection(ProjectConfigurationPlatforms) = postSolution
		{6557DE90-2537-4A58-88D5-F7710410314A}.Debug|Any CPU.ActiveCfg = Debug|Any CPU
		{6557DE90-2537-4A58-88D5-F7710410314A}.Debug|Any CPU.Build.0 = Debug|Any CPU
		{6557DE90-2537-4A58-88D5-F7710410314A}.Release|Any CPU.ActiveCfg = Release|Any CPU
		{6557DE90-2537-4A58-88D5-F7710410314A}.Release|Any CPU.Build.0 = Release|Any CPU
		{8A7B0813-1501-48F3-8B07-F706EB8D363D}.Debug|Any CPU.ActiveCfg = Debug|Any CPU
		{8A7B0813-1501-48F3-8B07-F706EB8D363D}.Debug|Any CPU.Build.0 = Debug|Any CPU
		{8A7B0813-1501-48F3-8B07-F706EB8D363D}.Release|Any CPU.ActiveCfg = Release|Any CPU
		{8A7B0813-1501-48F3-8B07-F706EB8D363D}.Release|Any CPU.Build.0 = Release|Any CPU
		{F4AC188E-048C-4187-8423-6EBB926D5CD1}.Debug|Any CPU.ActiveCfg = Debug|Any CPU
		{F4AC188E-048C-4187-8423-6EBB926D5CD1}.Debug|Any CPU.Build.0 = Debug|Any CPU
		{F4AC188E-048C-4187-8423-6EBB926D5CD1}.Release|Any CPU.ActiveCfg = Release|Any CPU
		{F4AC188E-048C-4187-8423-6EBB926D5CD1}.Release|Any CPU.Build.0 = Release|Any CPU
		{B9655B42-247B-4406-8B9B-436BD8767477}.Debug|Any CPU.ActiveCfg = Debug|Any CPU
		{B9655B42-247B-4406-8B9B-436BD8767477}.Debug|Any CPU.Build.0 = Debug|Any CPU
		{B9655B42-247B-4406-8B9B-436BD8767477}.Release|Any CPU.ActiveCfg = Release|Any CPU
		{B9655B42-247B-4406-8B9B-436BD8767477}.Release|Any CPU.Build.0 = Release|Any CPU
	EndGlobalSection
	GlobalSection(SolutionProperties) = preSolution
		HideSolutionNode = FALSE
	EndGlobalSection
	GlobalSection(ExtensibilityGlobals) = postSolution
		SolutionGuid = {372B0879-184E-4BCF-BB6D-47D8F89ECF9B}
	EndGlobalSection
EndGlobal
